{
  "version": 4,
  "terraform_version": "1.0.7",
  "serial": 132,
  "lineage": "233c083d-88b1-752e-a288-5af5d628a762",
  "outputs": {
    "instance_id": {
      "value": "i-09172f2b4c6cc128c",
      "type": "string"
    },
    "instance_public_ip": {
      "value": "3.209.10.254",
      "type": "string"
    }
  },
  "resources": [
    {
      "mode": "managed",
      "type": "aws_instance",
      "name": "k8s_host",
      "provider": "provider[\"registry.terraform.io/hashicorp/aws\"]",
      "instances": [
        {
          "schema_version": 1,
          "attributes": {
            "ami": "ami-09e67e426f25ce0d7",
            "arn": "arn:aws:ec2:us-east-1:993938759579:instance/i-09172f2b4c6cc128c",
            "associate_public_ip_address": true,
            "availability_zone": "us-east-1f",
            "capacity_reservation_specification": [
              {
                "capacity_reservation_preference": "open",
                "capacity_reservation_target": []
              }
            ],
            "cpu_core_count": 1,
            "cpu_threads_per_core": 2,
            "credit_specification": [
              {
                "cpu_credits": "unlimited"
              }
            ],
            "disable_api_termination": false,
            "ebs_block_device": [],
            "ebs_optimized": false,
            "enclave_options": [
              {
                "enabled": false
              }
            ],
            "ephemeral_block_device": [],
            "get_password_data": false,
            "hibernation": false,
            "host_id": null,
            "iam_instance_profile": "",
            "id": "i-09172f2b4c6cc128c",
            "instance_initiated_shutdown_behavior": "stop",
            "instance_state": "running",
            "instance_type": "t3a.large",
            "ipv6_address_count": 0,
            "ipv6_addresses": [],
            "key_name": "k8s_key",
            "launch_template": [],
            "metadata_options": [
              {
                "http_endpoint": "enabled",
                "http_put_response_hop_limit": 1,
                "http_tokens": "optional"
              }
            ],
            "monitoring": false,
            "network_interface": [],
            "outpost_arn": "",
            "password_data": "",
            "placement_group": "",
            "primary_network_interface_id": "eni-017e28e0b65dc93f8",
            "private_dns": "ip-172-31-77-8.ec2.internal",
            "private_ip": "172.31.77.8",
            "public_dns": "ec2-3-237-0-112.compute-1.amazonaws.com",
            "public_ip": "3.237.0.112",
            "root_block_device": [
              {
                "delete_on_termination": true,
                "device_name": "/dev/sda1",
                "encrypted": false,
                "iops": 150,
                "kms_key_id": "",
                "tags": {
                  "Name": "k8s_volume",
                  "usecase": "k8s"
                },
                "throughput": 0,
                "volume_id": "vol-02de0d2f53d8deb2f",
                "volume_size": 50,
                "volume_type": "gp2"
              }
            ],
            "secondary_private_ips": [],
            "security_groups": [
              "terraform-20210921235809490100000001"
            ],
            "source_dest_check": true,
            "subnet_id": "subnet-2e7c7b20",
            "tags": {
              "Name": "k8s_host",
              "usecase": "k8s"
            },
            "tags_all": {
              "Name": "k8s_host",
              "usecase": "k8s"
            },
            "tenancy": "default",
            "timeouts": null,
            "user_data": null,
            "user_data_base64": null,
            "volume_tags": null,
            "vpc_security_group_ids": [
              "sg-0843c1840b58665dd"
            ]
          },
          "sensitive_attributes": [],
          "private": "eyJlMmJmYjczMC1lY2FhLTExZTYtOGY4OC0zNDM2M2JjN2M0YzAiOnsiY3JlYXRlIjo2MDAwMDAwMDAwMDAsImRlbGV0ZSI6MTIwMDAwMDAwMDAwMCwidXBkYXRlIjo2MDAwMDAwMDAwMDB9LCJzY2hlbWFfdmVyc2lvbiI6IjEifQ==",
          "dependencies": [
            "aws_security_group.k8s"
          ]
        }
      ]
    },
    {
      "mode": "managed",
      "type": "aws_key_pair",
      "name": "k8s_key",
      "provider": "provider[\"registry.terraform.io/hashicorp/aws\"]",
      "instances": [
        {
          "schema_version": 1,
          "attributes": {
            "arn": "arn:aws:ec2:us-east-1:993938759579:key-pair/k8s_key",
            "fingerprint": "2e:54:29:fd:0c:16:75:bf:54:06:36:c9:e3:58:8f:d4",
            "id": "k8s_key",
            "key_name": "k8s_key",
            "key_name_prefix": null,
            "key_pair_id": "key-089abed04eb626b77",
            "public_key": "ssh-rsa AAAAB3NzaC1yc2EAAAADAQABAAABgQCi1ETT8BM54TuiJ7CB0GfcZNDQC5h6ALfF/QUp8GzC6FuXwTS9jOpc21Ug/VpMoerttvPLREPMKRfcBkRhQ1PFMvnlBHUjoWYosN5unhUciya/g4JmjLg9nTA/9rHqiH9br55PXH37vyEoFUE64xOA56w9QalWkvhlcz6+M72A8T3G/JKwz9B7+H9R9avKWPtY12iWfrAe+u/HTDaIHfdIoD1xGN4UeLbJ3RLmE7KYSxvleTl+RtB+1hbzO9kGZz8o8uQJXSVS/CSVPK3bBsJVcIfzVIP0kmVZJ4VLjmmCWsqViQXwcgDyhXEs79VmKRWb4lgSeN/dZb1hk0Cr7Xzr75BeAnaIEFv+9cXP5OUNe+2BL1hFq0sgIoHdQdJIN8ARncqzwKypE5Mb+56gPDA9EZ/HuD9N+oqDvevpXJmnqOWvpEAPTP/JBj7Vidy0ln6XsCn1/yZcsuvlr4nZ85HmlsDAXTa7FXlWOn4tapSj+B9WIBfd870SURStQk17SP0= joao-loureiro@BLU028698",
            "tags": {},
            "tags_all": {}
          },
          "sensitive_attributes": [],
          "private": "eyJzY2hlbWFfdmVyc2lvbiI6IjEifQ=="
        }
      ]
    },
    {
      "mode": "managed",
      "type": "aws_security_group",
      "name": "k8s",
      "provider": "provider[\"registry.terraform.io/hashicorp/aws\"]",
      "instances": [
        {
          "schema_version": 1,
          "attributes": {
            "arn": "arn:aws:ec2:us-east-1:993938759579:security-group/sg-0843c1840b58665dd",
            "description": "Managed by Terraform",
            "egress": [
              {
                "cidr_blocks": [
                  "0.0.0.0/0"
                ],
                "description": "",
                "from_port": 0,
                "ipv6_cidr_blocks": [],
                "prefix_list_ids": [],
                "protocol": "-1",
                "security_groups": [],
                "self": false,
                "to_port": 0
              }
            ],
            "id": "sg-0843c1840b58665dd",
            "ingress": [
              {
                "cidr_blocks": [
                  "0.0.0.0/0"
                ],
                "description": "",
                "from_port": 22,
                "ipv6_cidr_blocks": [],
                "prefix_list_ids": [],
                "protocol": "tcp",
                "security_groups": [],
                "self": false,
                "to_port": 22
              }
            ],
            "name": "terraform-20210921235809490100000001",
            "name_prefix": "terraform-",
            "owner_id": "993938759579",
            "revoke_rules_on_delete": false,
            "tags": {},
            "tags_all": {},
            "timeouts": null,
            "vpc_id": "vpc-1a1e8067"
          },
          "sensitive_attributes": [],
          "private": "eyJlMmJmYjczMC1lY2FhLTExZTYtOGY4OC0zNDM2M2JjN2M0YzAiOnsiY3JlYXRlIjo2MDAwMDAwMDAwMDAsImRlbGV0ZSI6OTAwMDAwMDAwMDAwfSwic2NoZW1hX3ZlcnNpb24iOiIxIn0="
        }
      ]
    }
  ]
}
